# THIS IS AN AUTOGENERATED FILE. DO NOT EDIT THIS FILE DIRECTLY.
# yarn lockfile v1


"@esbuild/aix-ppc64@0.21.5":
  version "0.21.5"
  resolved "https://registry.yarnpkg.com/@esbuild/aix-ppc64/-/aix-ppc64-0.21.5.tgz#c7184a326533fcdf1b8ee0733e21c713b975575f"
  integrity sha512-1SDgH6ZSPTlggy1yI6+Dbkiz8xzpHJEVAlF/AM1tHPLsf5STom9rwtjE4hKAF20FfXXNTFqEYXyJNWh1GiZedQ==

"@esbuild/android-arm64@0.21.5":
  version "0.21.5"
  resolved "https://registry.yarnpkg.com/@esbuild/android-arm64/-/android-arm64-0.21.5.tgz#09d9b4357780da9ea3a7dfb833a1f1ff439b4052"
  integrity sha512-c0uX9VAUBQ7dTDCjq+wdyGLowMdtR/GoC2U5IYk/7D1H1JYC0qseD7+11iMP2mRLN9RcCMRcjC4YMclCzGwS/A==

"@esbuild/android-arm@0.21.5":
  version "0.21.5"
  resolved "https://registry.yarnpkg.com/@esbuild/android-arm/-/android-arm-0.21.5.tgz#9b04384fb771926dfa6d7ad04324ecb2ab9b2e28"
  integrity sha512-vCPvzSjpPHEi1siZdlvAlsPxXl7WbOVUBBAowWug4rJHb68Ox8KualB+1ocNvT5fjv6wpkX6o/iEpbDrf68zcg==

"@esbuild/android-x64@0.21.5":
  version "0.21.5"
  resolved "https://registry.yarnpkg.com/@esbuild/android-x64/-/android-x64-0.21.5.tgz#29918ec2db754cedcb6c1b04de8cd6547af6461e"
  integrity sha512-D7aPRUUNHRBwHxzxRvp856rjUHRFW1SdQATKXH2hqA0kAZb1hKmi02OpYRacl0TxIGz/ZmXWlbZgjwWYaCakTA==

"@esbuild/darwin-arm64@0.21.5":
  version "0.21.5"
  resolved "https://registry.yarnpkg.com/@esbuild/darwin-arm64/-/darwin-arm64-0.21.5.tgz#e495b539660e51690f3928af50a76fb0a6ccff2a"
  integrity sha512-DwqXqZyuk5AiWWf3UfLiRDJ5EDd49zg6O9wclZ7kUMv2WRFr4HKjXp/5t8JZ11QbQfUS6/cRCKGwYhtNAY88kQ==

"@esbuild/darwin-x64@0.21.5":
  version "0.21.5"
  resolved "https://registry.yarnpkg.com/@esbuild/darwin-x64/-/darwin-x64-0.21.5.tgz#c13838fa57372839abdddc91d71542ceea2e1e22"
  integrity sha512-se/JjF8NlmKVG4kNIuyWMV/22ZaerB+qaSi5MdrXtd6R08kvs2qCN4C09miupktDitvh8jRFflwGFBQcxZRjbw==

"@esbuild/freebsd-arm64@0.21.5":
  version "0.21.5"
  resolved "https://registry.yarnpkg.com/@esbuild/freebsd-arm64/-/freebsd-arm64-0.21.5.tgz#646b989aa20bf89fd071dd5dbfad69a3542e550e"
  integrity sha512-5JcRxxRDUJLX8JXp/wcBCy3pENnCgBR9bN6JsY4OmhfUtIHe3ZW0mawA7+RDAcMLrMIZaf03NlQiX9DGyB8h4g==

"@esbuild/freebsd-x64@0.21.5":
  version "0.21.5"
  resolved "https://registry.yarnpkg.com/@esbuild/freebsd-x64/-/freebsd-x64-0.21.5.tgz#aa615cfc80af954d3458906e38ca22c18cf5c261"
  integrity sha512-J95kNBj1zkbMXtHVH29bBriQygMXqoVQOQYA+ISs0/2l3T9/kj42ow2mpqerRBxDJnmkUDCaQT/dfNXWX/ZZCQ==

"@esbuild/linux-arm64@0.21.5":
  version "0.21.5"
  resolved "https://registry.yarnpkg.com/@esbuild/linux-arm64/-/linux-arm64-0.21.5.tgz#70ac6fa14f5cb7e1f7f887bcffb680ad09922b5b"
  integrity sha512-ibKvmyYzKsBeX8d8I7MH/TMfWDXBF3db4qM6sy+7re0YXya+K1cem3on9XgdT2EQGMu4hQyZhan7TeQ8XkGp4Q==

"@esbuild/linux-arm@0.21.5":
  version "0.21.5"
  resolved "https://registry.yarnpkg.com/@esbuild/linux-arm/-/linux-arm-0.21.5.tgz#fc6fd11a8aca56c1f6f3894f2bea0479f8f626b9"
  integrity sha512-bPb5AHZtbeNGjCKVZ9UGqGwo8EUu4cLq68E95A53KlxAPRmUyYv2D6F0uUI65XisGOL1hBP5mTronbgo+0bFcA==

"@esbuild/linux-ia32@0.21.5":
  version "0.21.5"
  resolved "https://registry.yarnpkg.com/@esbuild/linux-ia32/-/linux-ia32-0.21.5.tgz#3271f53b3f93e3d093d518d1649d6d68d346ede2"
  integrity sha512-YvjXDqLRqPDl2dvRODYmmhz4rPeVKYvppfGYKSNGdyZkA01046pLWyRKKI3ax8fbJoK5QbxblURkwK/MWY18Tg==

"@esbuild/linux-loong64@0.21.5":
  version "0.21.5"
  resolved "https://registry.yarnpkg.com/@esbuild/linux-loong64/-/linux-loong64-0.21.5.tgz#ed62e04238c57026aea831c5a130b73c0f9f26df"
  integrity sha512-uHf1BmMG8qEvzdrzAqg2SIG/02+4/DHB6a9Kbya0XDvwDEKCoC8ZRWI5JJvNdUjtciBGFQ5PuBlpEOXQj+JQSg==

"@esbuild/linux-mips64el@0.21.5":
  version "0.21.5"
  resolved "https://registry.yarnpkg.com/@esbuild/linux-mips64el/-/linux-mips64el-0.21.5.tgz#e79b8eb48bf3b106fadec1ac8240fb97b4e64cbe"
  integrity sha512-IajOmO+KJK23bj52dFSNCMsz1QP1DqM6cwLUv3W1QwyxkyIWecfafnI555fvSGqEKwjMXVLokcV5ygHW5b3Jbg==

"@esbuild/linux-ppc64@0.21.5":
  version "0.21.5"
  resolved "https://registry.yarnpkg.com/@esbuild/linux-ppc64/-/linux-ppc64-0.21.5.tgz#5f2203860a143b9919d383ef7573521fb154c3e4"
  integrity sha512-1hHV/Z4OEfMwpLO8rp7CvlhBDnjsC3CttJXIhBi+5Aj5r+MBvy4egg7wCbe//hSsT+RvDAG7s81tAvpL2XAE4w==

"@esbuild/linux-riscv64@0.21.5":
  version "0.21.5"
  resolved "https://registry.yarnpkg.com/@esbuild/linux-riscv64/-/linux-riscv64-0.21.5.tgz#07bcafd99322d5af62f618cb9e6a9b7f4bb825dc"
  integrity sha512-2HdXDMd9GMgTGrPWnJzP2ALSokE/0O5HhTUvWIbD3YdjME8JwvSCnNGBnTThKGEB91OZhzrJ4qIIxk/SBmyDDA==

"@esbuild/linux-s390x@0.21.5":
  version "0.21.5"
  resolved "https://registry.yarnpkg.com/@esbuild/linux-s390x/-/linux-s390x-0.21.5.tgz#b7ccf686751d6a3e44b8627ababc8be3ef62d8de"
  integrity sha512-zus5sxzqBJD3eXxwvjN1yQkRepANgxE9lgOW2qLnmr8ikMTphkjgXu1HR01K4FJg8h1kEEDAqDcZQtbrRnB41A==

"@esbuild/linux-x64@0.21.5":
  version "0.21.5"
  resolved "https://registry.yarnpkg.com/@esbuild/linux-x64/-/linux-x64-0.21.5.tgz#6d8f0c768e070e64309af8004bb94e68ab2bb3b0"
  integrity sha512-1rYdTpyv03iycF1+BhzrzQJCdOuAOtaqHTWJZCWvijKD2N5Xu0TtVC8/+1faWqcP9iBCWOmjmhoH94dH82BxPQ==

"@esbuild/netbsd-x64@0.21.5":
  version "0.21.5"
  resolved "https://registry.yarnpkg.com/@esbuild/netbsd-x64/-/netbsd-x64-0.21.5.tgz#bbe430f60d378ecb88decb219c602667387a6047"
  integrity sha512-Woi2MXzXjMULccIwMnLciyZH4nCIMpWQAs049KEeMvOcNADVxo0UBIQPfSmxB3CWKedngg7sWZdLvLczpe0tLg==

"@esbuild/openbsd-x64@0.21.5":
  version "0.21.5"
  resolved "https://registry.yarnpkg.com/@esbuild/openbsd-x64/-/openbsd-x64-0.21.5.tgz#99d1cf2937279560d2104821f5ccce220cb2af70"
  integrity sha512-HLNNw99xsvx12lFBUwoT8EVCsSvRNDVxNpjZ7bPn947b8gJPzeHWyNVhFsaerc0n3TsbOINvRP2byTZ5LKezow==

"@esbuild/sunos-x64@0.21.5":
  version "0.21.5"
  resolved "https://registry.yarnpkg.com/@esbuild/sunos-x64/-/sunos-x64-0.21.5.tgz#08741512c10d529566baba837b4fe052c8f3487b"
  integrity sha512-6+gjmFpfy0BHU5Tpptkuh8+uw3mnrvgs+dSPQXQOv3ekbordwnzTVEb4qnIvQcYXq6gzkyTnoZ9dZG+D4garKg==

"@esbuild/win32-arm64@0.21.5":
  version "0.21.5"
  resolved "https://registry.yarnpkg.com/@esbuild/win32-arm64/-/win32-arm64-0.21.5.tgz#675b7385398411240735016144ab2e99a60fc75d"
  integrity sha512-Z0gOTd75VvXqyq7nsl93zwahcTROgqvuAcYDUr+vOv8uHhNSKROyU961kgtCD1e95IqPKSQKH7tBTslnS3tA8A==

"@esbuild/win32-ia32@0.21.5":
  version "0.21.5"
  resolved "https://registry.yarnpkg.com/@esbuild/win32-ia32/-/win32-ia32-0.21.5.tgz#1bfc3ce98aa6ca9a0969e4d2af72144c59c1193b"
  integrity sha512-SWXFF1CL2RVNMaVs+BBClwtfZSvDgtL//G/smwAc5oVK/UPu2Gu9tIaRgFmYFFKrmg3SyAjSrElf0TiJ1v8fYA==

"@esbuild/win32-x64@0.21.5":
  version "0.21.5"
  resolved "https://registry.yarnpkg.com/@esbuild/win32-x64/-/win32-x64-0.21.5.tgz#acad351d582d157bb145535db2a6ff53dd514b5c"
  integrity sha512-tQd/1efJuzPC6rCFwEvLtci/xNFcTZknmXs98FYDfGE4wP9ClFV98nyKrzJKVPMhdDnjzLhdUyMX4PsQAPjwIw==

"@pixi/accessibility@7.4.2":
  version "7.4.2"
  resolved "https://registry.yarnpkg.com/@pixi/accessibility/-/accessibility-7.4.2.tgz#8c7105bd19b979330baea36cc09f7c367975812e"
  integrity sha512-R6VEolm8uyy1FB1F2qaLKxVbzXAFTZCF2ka8fl9lsz7We6ZfO4QpXv9ur7DvzratjCQUQVCKo0/V7xL5q1EV/g==

"@pixi/app@7.4.2":
  version "7.4.2"
  resolved "https://registry.yarnpkg.com/@pixi/app/-/app-7.4.2.tgz#f1d9c9c52ff1d4133766590fbda677a23658fec7"
  integrity sha512-ugkH3kOgjT8P1mTMY29yCOgEh+KuVMAn8uBxeY0aMqaUgIMysfpnFv+Aepp2CtvI9ygr22NC+OiKl+u+eEaQHw==

"@pixi/assets@7.4.2":
  version "7.4.2"
  resolved "https://registry.yarnpkg.com/@pixi/assets/-/assets-7.4.2.tgz#1df0c38c4fb64c391202cea8768e81eaa42de221"
  integrity sha512-anxho59H9egZwoaEdM5aLvYyxoz6NCy3CaQIvNHD1bbGg8L16Ih0e26QSBR5fu53jl8OjT6M7s+p6n7uu4+fGA==
  dependencies:
    "@types/css-font-loading-module" "^0.0.12"

"@pixi/color@7.4.2":
  version "7.4.2"
  resolved "https://registry.yarnpkg.com/@pixi/color/-/color-7.4.2.tgz#d564a0b589166afb1c4a0e85c968b7375dbfc06f"
  integrity sha512-av1LOvhHsiaW8+T4n/FgnOKHby55/w7VcA1HzPIHRBtEcsmxvSCDanT1HU2LslNhrxLPzyVx18nlmalOyt5OBg==
  dependencies:
    "@pixi/colord" "^2.9.6"

"@pixi/colord@^2.9.6":
  version "2.9.6"
  resolved "https://registry.yarnpkg.com/@pixi/colord/-/colord-2.9.6.tgz#7e4e7851480da6fd3cef4e331f008d60be7e1204"
  integrity sha512-nezytU2pw587fQstUu1AsJZDVEynjskwOL+kibwcdxsMBFqPsFFNA7xl0ii/gXuDi6M0xj3mfRJj8pBSc2jCfA==

"@pixi/compressed-textures@7.4.2":
  version "7.4.2"
  resolved "https://registry.yarnpkg.com/@pixi/compressed-textures/-/compressed-textures-7.4.2.tgz#5c256d3a2071848e7503d499aae22684bbd69529"
  integrity sha512-VJrt7el6O4ZJSWkeOGXwrhJaiLg1UBhHB3fj42VR4YloYkAxpfd9K6s6IcbcVz7n9L48APKBMgHyaB2pX2Ck/A==

"@pixi/constants@7.4.2":
  version "7.4.2"
  resolved "https://registry.yarnpkg.com/@pixi/constants/-/constants-7.4.2.tgz#e1b12316e1c637f3ebe80b599a707de4bdc4ab9b"
  integrity sha512-N9vn6Wpz5WIQg7ugUg2+SdqD2u2+NM0QthE8YzLJ4tLH2Iz+/TrnPKUJzeyIqbg3sxJG5ZpGGPiacqIBpy1KyA==

"@pixi/core@7.4.2":
  version "7.4.2"
  resolved "https://registry.yarnpkg.com/@pixi/core/-/core-7.4.2.tgz#521de6fe99d48ffffef7e79d4dfde5c5055e8a13"
  integrity sha512-UbMtgSEnyCOFPzbE6ThB9qopXxbZ5GCof2ArB4FXOC5Xi/83MOIIYg5kf5M8689C5HJMhg2SrJu3xLKppF+CMg==
  dependencies:
    "@pixi/color" "7.4.2"
    "@pixi/constants" "7.4.2"
    "@pixi/extensions" "7.4.2"
    "@pixi/math" "7.4.2"
    "@pixi/runner" "7.4.2"
    "@pixi/settings" "7.4.2"
    "@pixi/ticker" "7.4.2"
    "@pixi/utils" "7.4.2"

"@pixi/display@7.4.2":
  version "7.4.2"
  resolved "https://registry.yarnpkg.com/@pixi/display/-/display-7.4.2.tgz#f0b7db822fba80cd2e8c28f6f489244360a578ba"
  integrity sha512-DaD0J7gIlNlzO0Fdlby/0OH+tB5LtCY6rgFeCBKVDnzmn8wKW3zYZRenWBSFJ0Psx6vLqXYkSIM/rcokaKviIw==

"@pixi/events@7.4.2":
  version "7.4.2"
  resolved "https://registry.yarnpkg.com/@pixi/events/-/events-7.4.2.tgz#efd3361f7a78161aa0dffb484ea4ce3b7a0043c4"
  integrity sha512-Jw/w57heZjzZShIXL0bxOvKB+XgGIevyezhGtfF2ZSzQoSBWo+Fj1uE0QwKd0RIaXegZw/DhSmiMJSbNmcjifA==

"@pixi/extensions@7.4.2":
  version "7.4.2"
  resolved "https://registry.yarnpkg.com/@pixi/extensions/-/extensions-7.4.2.tgz#4e939e3670ca66fdcd2590e8ab90a6a04a176dec"
  integrity sha512-Hmx2+O0yZ8XIvgomHM9GZEGcy9S9Dd8flmtOK5Aa3fXs/8v7xD08+ANQpN9ZqWU2Xs+C6UBlpqlt2BWALvKKKA==

"@pixi/extract@7.4.2":
  version "7.4.2"
  resolved "https://registry.yarnpkg.com/@pixi/extract/-/extract-7.4.2.tgz#0e52446202bc8521ca9821a276e919020b0688f4"
  integrity sha512-JOX27TRWjVEjauGBbF8PU7/g6LYXnivehdgqS5QlVDv1CNHTOrz/j3MdKcVWOhyZPbH5c9sh7lxyRxvd9AIuTQ==

"@pixi/filter-alpha@7.4.2":
  version "7.4.2"
  resolved "https://registry.yarnpkg.com/@pixi/filter-alpha/-/filter-alpha-7.4.2.tgz#0cd7bccadb91109cdb05679a17f8ba4d5281d0ec"
  integrity sha512-9OsKJ+yvY2wIcQXwswj5HQBiwNGymwmqdxfp7mo+nZSBoDmxUqvMZzE9UNJ3eUlswuNvNRO8zNOsQvwdz7WFww==

"@pixi/filter-blur@7.4.2":
  version "7.4.2"
  resolved "https://registry.yarnpkg.com/@pixi/filter-blur/-/filter-blur-7.4.2.tgz#89458c467a553ec62ce799b4e68c6c574ba3a5bb"
  integrity sha512-gOXBbIUx6CRZP1fmsis2wLzzSsofrqmIHhbf1gIkZMIQaLsc9T7brj+PaLTTiOiyJgnvGN5j20RZnkERWWKV0Q==

"@pixi/filter-color-matrix@7.4.2":
  version "7.4.2"
  resolved "https://registry.yarnpkg.com/@pixi/filter-color-matrix/-/filter-color-matrix-7.4.2.tgz#b792d6624a1b019edcc7f96e131078f8bc21c6d1"
  integrity sha512-ykZiR59Gvj80UKs9qm7jeUTKvn+wWk6HBVJOmJbK9jFK5juakDWp7BbH26U78Q61EWj97kI1FdfcbMkuQ7rqkA==

"@pixi/filter-displacement@7.4.2":
  version "7.4.2"
  resolved "https://registry.yarnpkg.com/@pixi/filter-displacement/-/filter-displacement-7.4.2.tgz#e001f66c7f8bf02241c468cb33a01d21090ee09a"
  integrity sha512-QS/eWp/ivsxef3xapNeGwpPX7vrqQQeo99Fux4k5zsvplnNEsf91t6QYJLG776AbZEu/qh8VYRBA5raIVY/REw==

"@pixi/filter-fxaa@7.4.2":
  version "7.4.2"
  resolved "https://registry.yarnpkg.com/@pixi/filter-fxaa/-/filter-fxaa-7.4.2.tgz#d11d6ee1fd098a8a6bee49b804d3b3ff087af1bf"
  integrity sha512-U/ptJgDsfs/r8y2a6gCaiPfDu2IFAxpQ4wtfmBpz6vRhqeE4kI8yNIUx5dZbui57zlsJaW0BNacOQxHU0vLkyQ==

"@pixi/filter-noise@7.4.2":
  version "7.4.2"
  resolved "https://registry.yarnpkg.com/@pixi/filter-noise/-/filter-noise-7.4.2.tgz#99aebe14d0f52aaa8509e2531f1a4e658a702da9"
  integrity sha512-Vy9ViBFhZEGh6xKkd3kFWErolZTwv1Y5Qb1bV7qPIYbvBECYsqzlR4uCrrjBV6KKm0PufpG/+NKC5vICZaqKzg==

"@pixi/graphics@7.4.2":
  version "7.4.2"
  resolved "https://registry.yarnpkg.com/@pixi/graphics/-/graphics-7.4.2.tgz#b4fcc39f6a0af4c74d66b3d45b6728c33467bc78"
  integrity sha512-jH4/Tum2RqWzHGzvlwEr7HIVduoLO57Ze705N2zQPkUD57TInn5911aGUeoua7f/wK8cTLGzgB9BzSo2kTdcHw==

"@pixi/math@7.4.2":
  version "7.4.2"
  resolved "https://registry.yarnpkg.com/@pixi/math/-/math-7.4.2.tgz#473b400c89ac8fcdf6e09259ab097ce35cd8ac68"
  integrity sha512-7jHmCQoYk6e0rfSKjdNFOPl0wCcdgoraxgteXJTTHv3r0bMNx2pHD9FJ0VvocEUG7XHfj55O3+u7yItOAx0JaQ==

"@pixi/mesh-extras@7.4.2":
  version "7.4.2"
  resolved "https://registry.yarnpkg.com/@pixi/mesh-extras/-/mesh-extras-7.4.2.tgz#92eb4f41fd08907f6118dbfcb4b65fc5642d14d3"
  integrity sha512-vNR/7wjxjs7sv9fGoKkHyU91ZAD+7EnMHBS5F3CVISlOIFxLi96NNZCB81oUIdky/90pHw40johd/4izR5zTyw==

"@pixi/mesh@7.4.2":
  version "7.4.2"
  resolved "https://registry.yarnpkg.com/@pixi/mesh/-/mesh-7.4.2.tgz#f2095eb8ec792a102c76f18838f75d860bd42dff"
  integrity sha512-mEkKyQvvMrYXC3pahvH5WBIKtrtB63WixRr91ANFI7zXD+ESG6Ap6XtxMCJmXDQPwBDNk7SWVMiCflYuchG7kA==

"@pixi/mixin-cache-as-bitmap@7.4.2":
  version "7.4.2"
  resolved "https://registry.yarnpkg.com/@pixi/mixin-cache-as-bitmap/-/mixin-cache-as-bitmap-7.4.2.tgz#288f9700a2bbb524798cea86b06bd1be36f90659"
  integrity sha512-6dgthi2ruUT/lervSrFDQ7vXkEsHo6CxdgV7W/wNdW1dqgQlKfDvO6FhjXzyIMRLSooUf5FoeluVtfsjkUIYrw==

"@pixi/mixin-get-child-by-name@7.4.2":
  version "7.4.2"
  resolved "https://registry.yarnpkg.com/@pixi/mixin-get-child-by-name/-/mixin-get-child-by-name-7.4.2.tgz#d8671526637c09a87502466e27066049aebd240f"
  integrity sha512-0Cfw8JpQhsixprxiYph4Lj+B5n83Kk4ftNMXgM5xtZz+tVLz5s91qR0MqcdzwTGTJ7utVygiGmS4/3EfR/duRQ==

"@pixi/mixin-get-global-position@7.4.2":
  version "7.4.2"
  resolved "https://registry.yarnpkg.com/@pixi/mixin-get-global-position/-/mixin-get-global-position-7.4.2.tgz#9dcc9f49fa8001103ceadb1061efe03a71761952"
  integrity sha512-LcsahbVdX4DFS2IcGfNp4KaXuu7SjAwUp/flZSGIfstyKOKb5FWFgihtqcc9ZT4coyri3gs2JbILZub/zPZj1w==

"@pixi/particle-container@7.4.2":
  version "7.4.2"
  resolved "https://registry.yarnpkg.com/@pixi/particle-container/-/particle-container-7.4.2.tgz#f829caaa724be10b7e0a04fca89a68f64e80012a"
  integrity sha512-B78Qq86kt0lEa5WtB2YFIm3+PjhKfw9La9R++GBSgABl+g13s2UaZ6BIPxvY3JxWMdxPm4iPrQPFX1QWRN68mw==

"@pixi/prepare@7.4.2":
  version "7.4.2"
  resolved "https://registry.yarnpkg.com/@pixi/prepare/-/prepare-7.4.2.tgz#36fa8f5a044e6c4f46e7d2df1bef82dce7d40455"
  integrity sha512-PugyMzReCHXUzc3so9PPJj2OdHwibpUNWyqG4mWY2UUkb6c8NAGK1AnAPiscOvLilJcv/XQSFoNhX+N1jrvJEg==

"@pixi/runner@7.4.2":
  version "7.4.2"
  resolved "https://registry.yarnpkg.com/@pixi/runner/-/runner-7.4.2.tgz#92b9748a2f85b9835bb36ce196a37215b8396392"
  integrity sha512-LPBpwym4vdyyDY5ucF4INQccaGyxztERyLTY1YN6aqJyyMmnc7iqXlIKt+a0euMBtNoLoxy6MWMvIuZj0JfFPA==

"@pixi/settings@7.4.2":
  version "7.4.2"
  resolved "https://registry.yarnpkg.com/@pixi/settings/-/settings-7.4.2.tgz#36ebeec5f15bc9c538399e0692363be00a7bf28e"
  integrity sha512-pMN+L6aWgvUbwhFIL/BTHKe2ShYGPZ8h9wlVBnFHMtUcJcFLMF1B3lzuvCayZRepOphs6RY0TqvnDvVb585JhQ==
  dependencies:
    "@pixi/constants" "7.4.2"
    "@types/css-font-loading-module" "^0.0.12"
    ismobilejs "^1.1.0"

"@pixi/sprite-animated@7.4.2":
  version "7.4.2"
  resolved "https://registry.yarnpkg.com/@pixi/sprite-animated/-/sprite-animated-7.4.2.tgz#c28a3b2a8ee986517657ad5a1406fdddd610f56b"
  integrity sha512-QPT6yxCUGOBN+98H3pyIZ1ZO6Y7BN1o0Q2IMZEsD1rNfZJrTYS3Q8VlCG5t2YlFlcB8j5iBo24bZb6FUxLOmsQ==

"@pixi/sprite-tiling@7.4.2":
  version "7.4.2"
  resolved "https://registry.yarnpkg.com/@pixi/sprite-tiling/-/sprite-tiling-7.4.2.tgz#ba6e3c596cb6dadb21795153058a900dcb1cfd2b"
  integrity sha512-Z8PP6ewy3nuDYL+NeEdltHAhuucVgia33uzAitvH3OqqRSx6a6YRBFbNLUM9Sx+fBO2Lk3PpV1g6QZX+NE5LOg==

"@pixi/sprite@7.4.2":
  version "7.4.2"
  resolved "https://registry.yarnpkg.com/@pixi/sprite/-/sprite-7.4.2.tgz#beed8c2fd2e00a02e340eaba9844b180bf1f1b24"
  integrity sha512-Ccf/OVQsB+HQV0Fyf5lwD+jk1jeU7uSIqEjbxenNNssmEdB7S5qlkTBV2EJTHT83+T6Z9OMOHsreJZerydpjeg==

"@pixi/spritesheet@7.4.2":
  version "7.4.2"
  resolved "https://registry.yarnpkg.com/@pixi/spritesheet/-/spritesheet-7.4.2.tgz#e95ee2814fdf41a0028530d3f942a2bdb75b5543"
  integrity sha512-YIvHdpXW+AYp8vD0NkjJmrdnVHTZKidCnx6k8ATSuuvCT6O5Tuh2N/Ul2oDj4/QaePy0lVhyhAbZpJW00Jr7mQ==

"@pixi/text-bitmap@7.4.2":
  version "7.4.2"
  resolved "https://registry.yarnpkg.com/@pixi/text-bitmap/-/text-bitmap-7.4.2.tgz#0027f50025bbb13953c829200c99b5a6e212dee7"
  integrity sha512-lPBMJ83JnpFVL+6ckQ8KO8QmwdPm0z9Zs/M0NgFKH2F+BcjelRNnk80NI3O0qBDYSEDQIE+cFbKoZ213kf7zwA==

"@pixi/text-html@7.4.2":
  version "7.4.2"
  resolved "https://registry.yarnpkg.com/@pixi/text-html/-/text-html-7.4.2.tgz#843e153d1f8c09fdf18c2527baa9f778061e94d3"
  integrity sha512-duOu8oDYeDNuyPozj2DAsQ5VZBbRiwIXy78Gn7H2pCiEAefw/Uv5jJYwdgneKME0e1tOxz1eOUGKPcI6IJnZjw==

"@pixi/text@7.4.2":
  version "7.4.2"
  resolved "https://registry.yarnpkg.com/@pixi/text/-/text-7.4.2.tgz#ee9f54083ecbf5b07d4410ede0cd005a312d2e71"
  integrity sha512-rZZWpJNsIQ8WoCWrcVg8Gi6L/PDakB941clo6dO3XjoII2ucoOUcnpe5HIkudxi2xPvS/8Bfq990gFEx50TP5A==

"@pixi/ticker@7.4.2":
  version "7.4.2"
  resolved "https://registry.yarnpkg.com/@pixi/ticker/-/ticker-7.4.2.tgz#804994ddd0c771bdf938c9eeb8ad5ed4a28c0374"
  integrity sha512-cAvxCh/KI6IW4m3tp2b+GQIf+DoSj9NNmPJmsOeEJ7LzvruG8Ps7SKI6CdjQob5WbceL1apBTDbqZ/f77hFDiQ==
  dependencies:
    "@pixi/extensions" "7.4.2"
    "@pixi/settings" "7.4.2"
    "@pixi/utils" "7.4.2"

"@pixi/utils@7.4.2":
  version "7.4.2"
  resolved "https://registry.yarnpkg.com/@pixi/utils/-/utils-7.4.2.tgz#bbbe60eec3d91fa294a0c3bb6410be6a85eaaadc"
  integrity sha512-aU/itcyMC4TxFbmdngmak6ey4kC5c16Y5ntIYob9QnjNAfD/7GTsYIBnP6FqEAyO1eq0MjkAALxdONuay1BG3g==
  dependencies:
    "@pixi/color" "7.4.2"
    "@pixi/constants" "7.4.2"
    "@pixi/settings" "7.4.2"
    "@types/earcut" "^2.1.0"
    earcut "^2.2.4"
    eventemitter3 "^4.0.0"
    url "^0.11.0"

"@rollup/rollup-android-arm-eabi@4.24.4":
  version "4.24.4"
  resolved "https://registry.yarnpkg.com/@rollup/rollup-android-arm-eabi/-/rollup-android-arm-eabi-4.24.4.tgz#c460b54c50d42f27f8254c435a4f3b3e01910bc8"
  integrity sha512-jfUJrFct/hTA0XDM5p/htWKoNNTbDLY0KRwEt6pyOA6k2fmk0WVwl65PdUdJZgzGEHWx+49LilkcSaumQRyNQw==

"@rollup/rollup-android-arm64@4.24.4":
  version "4.24.4"
  resolved "https://registry.yarnpkg.com/@rollup/rollup-android-arm64/-/rollup-android-arm64-4.24.4.tgz#96e01f3a04675d8d5973ab8d3fd6bc3be21fa5e1"
  integrity sha512-j4nrEO6nHU1nZUuCfRKoCcvh7PIywQPUCBa2UsootTHvTHIoIu2BzueInGJhhvQO/2FTRdNYpf63xsgEqH9IhA==

"@rollup/rollup-darwin-arm64@4.24.4":
  version "4.24.4"
  resolved "https://registry.yarnpkg.com/@rollup/rollup-darwin-arm64/-/rollup-darwin-arm64-4.24.4.tgz#9b2ec23b17b47cbb2f771b81f86ede3ac6730bce"
  integrity sha512-GmU/QgGtBTeraKyldC7cDVVvAJEOr3dFLKneez/n7BvX57UdhOqDsVwzU7UOnYA7AAOt+Xb26lk79PldDHgMIQ==

"@rollup/rollup-darwin-x64@4.24.4":
  version "4.24.4"
  resolved "https://registry.yarnpkg.com/@rollup/rollup-darwin-x64/-/rollup-darwin-x64-4.24.4.tgz#f30e4ee6929e048190cf10e0daa8e8ae035b6e46"
  integrity sha512-N6oDBiZCBKlwYcsEPXGDE4g9RoxZLK6vT98M8111cW7VsVJFpNEqvJeIPfsCzbf0XEakPslh72X0gnlMi4Ddgg==

"@rollup/rollup-freebsd-arm64@4.24.4":
  version "4.24.4"
  resolved "https://registry.yarnpkg.com/@rollup/rollup-freebsd-arm64/-/rollup-freebsd-arm64-4.24.4.tgz#c54b2373ec5bcf71f08c4519c7ae80a0b6c8e03b"
  integrity sha512-py5oNShCCjCyjWXCZNrRGRpjWsF0ic8f4ieBNra5buQz0O/U6mMXCpC1LvrHuhJsNPgRt36tSYMidGzZiJF6mw==

"@rollup/rollup-freebsd-x64@4.24.4":
  version "4.24.4"
  resolved "https://registry.yarnpkg.com/@rollup/rollup-freebsd-x64/-/rollup-freebsd-x64-4.24.4.tgz#3bc53aa29d5a34c28ba8e00def76aa612368458e"
  integrity sha512-L7VVVW9FCnTTp4i7KrmHeDsDvjB4++KOBENYtNYAiYl96jeBThFfhP6HVxL74v4SiZEVDH/1ILscR5U9S4ms4g==

"@rollup/rollup-linux-arm-gnueabihf@4.24.4":
  version "4.24.4"
  resolved "https://registry.yarnpkg.com/@rollup/rollup-linux-arm-gnueabihf/-/rollup-linux-arm-gnueabihf-4.24.4.tgz#c85aedd1710c9e267ee86b6d1ce355ecf7d9e8d9"
  integrity sha512-10ICosOwYChROdQoQo589N5idQIisxjaFE/PAnX2i0Zr84mY0k9zul1ArH0rnJ/fpgiqfu13TFZR5A5YJLOYZA==

"@rollup/rollup-linux-arm-musleabihf@4.24.4":
  version "4.24.4"
  resolved "https://registry.yarnpkg.com/@rollup/rollup-linux-arm-musleabihf/-/rollup-linux-arm-musleabihf-4.24.4.tgz#e77313408bf13995aecde281aec0cceb08747e42"
  integrity sha512-ySAfWs69LYC7QhRDZNKqNhz2UKN8LDfbKSMAEtoEI0jitwfAG2iZwVqGACJT+kfYvvz3/JgsLlcBP+WWoKCLcw==

"@rollup/rollup-linux-arm64-gnu@4.24.4":
  version "4.24.4"
  resolved "https://registry.yarnpkg.com/@rollup/rollup-linux-arm64-gnu/-/rollup-linux-arm64-gnu-4.24.4.tgz#633f632397b3662108cfaa1abca2a80b85f51102"
  integrity sha512-uHYJ0HNOI6pGEeZ/5mgm5arNVTI0nLlmrbdph+pGXpC9tFHFDQmDMOEqkmUObRfosJqpU8RliYoGz06qSdtcjg==

"@rollup/rollup-linux-arm64-musl@4.24.4":
  version "4.24.4"
  resolved "https://registry.yarnpkg.com/@rollup/rollup-linux-arm64-musl/-/rollup-linux-arm64-musl-4.24.4.tgz#63edd72b29c4cced93e16113a68e1be9fef88907"
  integrity sha512-38yiWLemQf7aLHDgTg85fh3hW9stJ0Muk7+s6tIkSUOMmi4Xbv5pH/5Bofnsb6spIwD5FJiR+jg71f0CH5OzoA==

"@rollup/rollup-linux-powerpc64le-gnu@4.24.4":
  version "4.24.4"
  resolved "https://registry.yarnpkg.com/@rollup/rollup-linux-powerpc64le-gnu/-/rollup-linux-powerpc64le-gnu-4.24.4.tgz#a9418a4173df80848c0d47df0426a0bf183c4e75"
  integrity sha512-q73XUPnkwt9ZNF2xRS4fvneSuaHw2BXuV5rI4cw0fWYVIWIBeDZX7c7FWhFQPNTnE24172K30I+dViWRVD9TwA==

"@rollup/rollup-linux-riscv64-gnu@4.24.4":
  version "4.24.4"
  resolved "https://registry.yarnpkg.com/@rollup/rollup-linux-riscv64-gnu/-/rollup-linux-riscv64-gnu-4.24.4.tgz#bc9c195db036a27e5e3339b02f51526b4ce1e988"
  integrity sha512-Aie/TbmQi6UXokJqDZdmTJuZBCU3QBDA8oTKRGtd4ABi/nHgXICulfg1KI6n9/koDsiDbvHAiQO3YAUNa/7BCw==

"@rollup/rollup-linux-s390x-gnu@4.24.4":
  version "4.24.4"
  resolved "https://registry.yarnpkg.com/@rollup/rollup-linux-s390x-gnu/-/rollup-linux-s390x-gnu-4.24.4.tgz#1651fdf8144ae89326c01da5d52c60be63e71a82"
  integrity sha512-P8MPErVO/y8ohWSP9JY7lLQ8+YMHfTI4bAdtCi3pC2hTeqFJco2jYspzOzTUB8hwUWIIu1xwOrJE11nP+0JFAQ==

"@rollup/rollup-linux-x64-gnu@4.24.4":
  version "4.24.4"
  resolved "https://registry.yarnpkg.com/@rollup/rollup-linux-x64-gnu/-/rollup-linux-x64-gnu-4.24.4.tgz#e473de5e4acb95fcf930a35cbb7d3e8080e57a6f"
  integrity sha512-K03TljaaoPK5FOyNMZAAEmhlyO49LaE4qCsr0lYHUKyb6QacTNF9pnfPpXnFlFD3TXuFbFbz7tJ51FujUXkXYA==

"@rollup/rollup-linux-x64-musl@4.24.4":
  version "4.24.4"
  resolved "https://registry.yarnpkg.com/@rollup/rollup-linux-x64-musl/-/rollup-linux-x64-musl-4.24.4.tgz#0af12dd2578c29af4037f0c834b4321429dd5b01"
  integrity sha512-VJYl4xSl/wqG2D5xTYncVWW+26ICV4wubwN9Gs5NrqhJtayikwCXzPL8GDsLnaLU3WwhQ8W02IinYSFJfyo34Q==

"@rollup/rollup-win32-arm64-msvc@4.24.4":
  version "4.24.4"
  resolved "https://registry.yarnpkg.com/@rollup/rollup-win32-arm64-msvc/-/rollup-win32-arm64-msvc-4.24.4.tgz#e48e78cdd45313b977c1390f4bfde7ab79be8871"
  integrity sha512-ku2GvtPwQfCqoPFIJCqZ8o7bJcj+Y54cZSr43hHca6jLwAiCbZdBUOrqE6y29QFajNAzzpIOwsckaTFmN6/8TA==

"@rollup/rollup-win32-ia32-msvc@4.24.4":
  version "4.24.4"
  resolved "https://registry.yarnpkg.com/@rollup/rollup-win32-ia32-msvc/-/rollup-win32-ia32-msvc-4.24.4.tgz#a3fc8536d243fe161c796acb93eba43c250f311c"
  integrity sha512-V3nCe+eTt/W6UYNr/wGvO1fLpHUrnlirlypZfKCT1fG6hWfqhPgQV/K/mRBXBpxc0eKLIF18pIOFVPh0mqHjlg==

"@rollup/rollup-win32-x64-msvc@4.24.4":
  version "4.24.4"
  resolved "https://registry.yarnpkg.com/@rollup/rollup-win32-x64-msvc/-/rollup-win32-x64-msvc-4.24.4.tgz#e2a9d1fd56524103a6cc8a54404d9d3ebc73c454"
  integrity sha512-LTw1Dfd0mBIEqUVCxbvTE/LLo+9ZxVC9k99v1v4ahg9Aak6FpqOfNu5kRkeTAn0wphoC4JU7No1/rL+bBCEwhg==

"@types/css-font-loading-module@^0.0.12":
  version "0.0.12"
  resolved "https://registry.yarnpkg.com/@types/css-font-loading-module/-/css-font-loading-module-0.0.12.tgz#65494833928823f998fbe8e86312821875d80db5"
  integrity sha512-x2tZZYkSxXqWvTDgveSynfjq/T2HyiZHXb00j/+gy19yp70PHCizM48XFdjBCWH7eHBD0R5i/pw9yMBP/BH5uA==

"@types/earcut@^2.1.0":
  version "2.1.1"
  resolved "https://registry.yarnpkg.com/@types/earcut/-/earcut-2.1.1.tgz#573a0af609f17005c751f6f4ffec49cfe358ea51"
  integrity sha512-w8oigUCDjElRHRRrMvn/spybSMyX8MTkKA5Dv+tS1IE/TgmNZPqUYtvYBXGY8cieSE66gm+szeK+bnbxC2xHTQ==

"@types/estree@1.0.6":
  version "1.0.6"
  resolved "https://registry.yarnpkg.com/@types/estree/-/estree-1.0.6.tgz#628effeeae2064a1b4e79f78e81d87b7e5fc7b50"
  integrity sha512-AYnb1nQyY49te+VRAVgmzfcgjYS91mY5P0TKUDCLEM+gNnA+3T6rWITXRLYCpahpqSQbN5cE+gHpnPyXjHWxcw==

"@types/stats.js@^0.17.3":
  version "0.17.3"
  resolved "https://registry.yarnpkg.com/@types/stats.js/-/stats.js-0.17.3.tgz#705446e12ce0fad618557dd88236f51148b7a935"
  integrity sha512-pXNfAD3KHOdif9EQXZ9deK82HVNaXP5ZIF5RP2QG6OQFNTaY2YIetfrE9t528vEreGQvEPRDDc8muaoYeK0SxQ==

earcut@^2.2.4:
  version "2.2.4"
  resolved "https://registry.yarnpkg.com/earcut/-/earcut-2.2.4.tgz#6d02fd4d68160c114825d06890a92ecaae60343a"
  integrity sha512-/pjZsA1b4RPHbeWZQn66SWS8nZZWLQQ23oE3Eam7aroEFGEvwKAsJfZ9ytiEMycfzXWpca4FA9QIOehf7PocBQ==

esbuild@^0.21.3:
  version "0.21.5"
  resolved "https://registry.yarnpkg.com/esbuild/-/esbuild-0.21.5.tgz#9ca301b120922959b766360d8ac830da0d02997d"
  integrity sha512-mg3OPMV4hXywwpoDxu3Qda5xCKQi+vCTZq8S9J/EpkhB2HzKXq4SNFZE3+NK93JYxc8VMSep+lOUSC/RVKaBqw==
  optionalDependencies:
    "@esbuild/aix-ppc64" "0.21.5"
    "@esbuild/android-arm" "0.21.5"
    "@esbuild/android-arm64" "0.21.5"
    "@esbuild/android-x64" "0.21.5"
    "@esbuild/darwin-arm64" "0.21.5"
    "@esbuild/darwin-x64" "0.21.5"
    "@esbuild/freebsd-arm64" "0.21.5"
    "@esbuild/freebsd-x64" "0.21.5"
    "@esbuild/linux-arm" "0.21.5"
    "@esbuild/linux-arm64" "0.21.5"
    "@esbuild/linux-ia32" "0.21.5"
    "@esbuild/linux-loong64" "0.21.5"
    "@esbuild/linux-mips64el" "0.21.5"
    "@esbuild/linux-ppc64" "0.21.5"
    "@esbuild/linux-riscv64" "0.21.5"
    "@esbuild/linux-s390x" "0.21.5"
    "@esbuild/linux-x64" "0.21.5"
    "@esbuild/netbsd-x64" "0.21.5"
    "@esbuild/openbsd-x64" "0.21.5"
    "@esbuild/sunos-x64" "0.21.5"
    "@esbuild/win32-arm64" "0.21.5"
    "@esbuild/win32-ia32" "0.21.5"
    "@esbuild/win32-x64" "0.21.5"

eventemitter3@^4.0.0:
  version "4.0.7"
  resolved "https://registry.yarnpkg.com/eventemitter3/-/eventemitter3-4.0.7.tgz#2de9b68f6528d5644ef5c59526a1b4a07306169f"
  integrity sha512-8guHBZCwKnFhYdHr2ysuRWErTwhoN2X8XELRlrRwpmfeY2jjuUN4taQMsULKUVo1K4DvZl+0pgfyoysHxvmvEw==

fsevents@~2.3.2:
  version "2.3.2"
  resolved "https://registry.yarnpkg.com/fsevents/-/fsevents-2.3.2.tgz#8a526f78b8fdf4623b709e0b975c52c24c02fd1a"
  integrity sha512-xiqMQR4xAeHTuB9uWm+fFRcIOgKBMiOBP+eXiyT7jsgVCq1bkVygt00oASowB7EdtpOHaaPgKt812P9ab+DDKA==

fsevents@~2.3.3:
  version "2.3.3"
  resolved "https://registry.yarnpkg.com/fsevents/-/fsevents-2.3.3.tgz#cac6407785d03675a2a5e1a5305c697b347d90d6"
  integrity sha512-5xoDfX+fL7faATnagmWPpbFtwh/R77WmMMqqHGS65C3vvB0YHrgF+B1YmZ3441tMj5n63k0212XNoJwzlhffQw==

ismobilejs@^1.1.0:
  version "1.1.1"
  resolved "https://registry.yarnpkg.com/ismobilejs/-/ismobilejs-1.1.1.tgz#c56ca0ae8e52b24ca0f22ba5ef3215a2ddbbaa0e"
  integrity sha512-VaFW53yt8QO61k2WJui0dHf4SlL8lxBofUuUmwBo0ljPk0Drz2TiuDW4jo3wDcv41qy/SxrJ+VAzJ/qYqsmzRw==

nanoid@^3.3.7:
  version "3.3.7"
  resolved "https://registry.yarnpkg.com/nanoid/-/nanoid-3.3.7.tgz#d0c301a691bc8d54efa0a2226ccf3fe2fd656bd8"
  integrity sha512-eSRppjcPIatRIMC1U6UngP8XFcz8MQWGQdt1MTBQ7NaAmvXDfvNxbvWV3x2y6CdEUciCSsDHDQZbhYaB8QEo2g==

picocolors@^1.1.0:
  version "1.1.1"
  resolved "https://registry.yarnpkg.com/picocolors/-/picocolors-1.1.1.tgz#3d321af3eab939b083c8f929a1d12cda81c26b6b"
  integrity sha512-xceH2snhtb5M9liqDsmEw56le376mTZkEX/jEb/RxNFyegNul7eNslCXP9FDj/Lcu0X8KEyMceP2ntpaHrDEVA==

pixi.js@7.4.2:
  version "7.4.2"
  resolved "https://registry.yarnpkg.com/pixi.js/-/pixi.js-7.4.2.tgz#d0378706f3db6df9e3f8917e22be04a99559995c"
  integrity sha512-TifqgHGNofO7UCEbdZJOpUu7dUnpu4YZ0o76kfCqxDa4RS8ITc9zjECCbtalmuNXkVhSEZmBKQvE7qhHMqw/xg==
  dependencies:
    "@pixi/accessibility" "7.4.2"
    "@pixi/app" "7.4.2"
    "@pixi/assets" "7.4.2"
    "@pixi/compressed-textures" "7.4.2"
    "@pixi/core" "7.4.2"
    "@pixi/display" "7.4.2"
    "@pixi/events" "7.4.2"
    "@pixi/extensions" "7.4.2"
    "@pixi/extract" "7.4.2"
    "@pixi/filter-alpha" "7.4.2"
    "@pixi/filter-blur" "7.4.2"
    "@pixi/filter-color-matrix" "7.4.2"
    "@pixi/filter-displacement" "7.4.2"
    "@pixi/filter-fxaa" "7.4.2"
    "@pixi/filter-noise" "7.4.2"
    "@pixi/graphics" "7.4.2"
    "@pixi/mesh" "7.4.2"
    "@pixi/mesh-extras" "7.4.2"
    "@pixi/mixin-cache-as-bitmap" "7.4.2"
    "@pixi/mixin-get-child-by-name" "7.4.2"
    "@pixi/mixin-get-global-position" "7.4.2"
    "@pixi/particle-container" "7.4.2"
    "@pixi/prepare" "7.4.2"
    "@pixi/sprite" "7.4.2"
    "@pixi/sprite-animated" "7.4.2"
    "@pixi/sprite-tiling" "7.4.2"
    "@pixi/spritesheet" "7.4.2"
    "@pixi/text" "7.4.2"
    "@pixi/text-bitmap" "7.4.2"
    "@pixi/text-html" "7.4.2"

postcss@^8.4.43:
  version "8.4.47"
  resolved "https://registry.yarnpkg.com/postcss/-/postcss-8.4.47.tgz#5bf6c9a010f3e724c503bf03ef7947dcb0fea365"
  integrity sha512-56rxCq7G/XfB4EkXq9Egn5GCqugWvDFjafDOThIdMBsI15iqPqR5r15TfSr1YPYeEI19YeaXMCbY6u88Y76GLQ==
  dependencies:
    nanoid "^3.3.7"
    picocolors "^1.1.0"
    source-map-js "^1.2.1"

prettier@^3.3.3:
  version "3.3.3"
  resolved "https://registry.yarnpkg.com/prettier/-/prettier-3.3.3.tgz#30c54fe0be0d8d12e6ae61dbb10109ea00d53105"
  integrity sha512-i2tDNA0O5IrMO757lfrdQZCc2jPNDVntV0m/+4whiDfWaTKfMNgR7Qz0NAeGz/nRqF4m5/6CLzbP4/liHt12Ew==

punycode@1.3.2:
  version "1.3.2"
  resolved "https://registry.yarnpkg.com/punycode/-/punycode-1.3.2.tgz#9653a036fb7c1ee42342f2325cceefea3926c48d"
  integrity sha512-RofWgt/7fL5wP1Y7fxE7/EmTLzQVnB0ycyibJ0OOHIlJqTNzglYFxVwETOcIoJqJmpDXJ9xImDv+Fq34F/d4Dw==

querystring@0.2.0:
  version "0.2.0"
  resolved "https://registry.yarnpkg.com/querystring/-/querystring-0.2.0.tgz#b209849203bb25df820da756e747005878521620"
  integrity sha512-X/xY82scca2tau62i9mDyU9K+I+djTMUsvwf7xnUX5GLvVzgJybOJf4Y6o9Zx3oJK/LSXg5tTZBjwzqVPaPO2g==

rollup@^4.20.0:
  version "4.24.4"
  resolved "https://registry.yarnpkg.com/rollup/-/rollup-4.24.4.tgz#fdc76918de02213c95447c9ffff5e35dddb1d058"
  integrity sha512-vGorVWIsWfX3xbcyAS+I047kFKapHYivmkaT63Smj77XwvLSJos6M1xGqZnBPFQFBRZDOcG1QnYEIxAvTr/HjA==
  dependencies:
    "@types/estree" "1.0.6"
  optionalDependencies:
    "@rollup/rollup-android-arm-eabi" "4.24.4"
    "@rollup/rollup-android-arm64" "4.24.4"
    "@rollup/rollup-darwin-arm64" "4.24.4"
    "@rollup/rollup-darwin-x64" "4.24.4"
    "@rollup/rollup-freebsd-arm64" "4.24.4"
    "@rollup/rollup-freebsd-x64" "4.24.4"
    "@rollup/rollup-linux-arm-gnueabihf" "4.24.4"
    "@rollup/rollup-linux-arm-musleabihf" "4.24.4"
    "@rollup/rollup-linux-arm64-gnu" "4.24.4"
    "@rollup/rollup-linux-arm64-musl" "4.24.4"
    "@rollup/rollup-linux-powerpc64le-gnu" "4.24.4"
    "@rollup/rollup-linux-riscv64-gnu" "4.24.4"
    "@rollup/rollup-linux-s390x-gnu" "4.24.4"
    "@rollup/rollup-linux-x64-gnu" "4.24.4"
    "@rollup/rollup-linux-x64-musl" "4.24.4"
    "@rollup/rollup-win32-arm64-msvc" "4.24.4"
    "@rollup/rollup-win32-ia32-msvc" "4.24.4"
    "@rollup/rollup-win32-x64-msvc" "4.24.4"
    fsevents "~2.3.2"

source-map-js@^1.2.1:
  version "1.2.1"
  resolved "https://registry.yarnpkg.com/source-map-js/-/source-map-js-1.2.1.tgz#1ce5650fddd87abc099eda37dcff024c2667ae46"
  integrity sha512-UXWMKhLOwVKb728IUtQPXxfYU+usdybtUrK/8uGE8CQMvrhOpwvzDBwj0QhSL7MQc7vIsISBG8VQ8+IDQxpfQA==

stats.js@^0.17.0:
  version "0.17.0"
  resolved "https://registry.yarnpkg.com/stats.js/-/stats.js-0.17.0.tgz#b1c3dc46d94498b578b7fd3985b81ace7131cc7d"
  integrity sha512-hNKz8phvYLPEcRkeG1rsGmV5ChMjKDAWU7/OJJdDErPBNChQXxCo3WZurGpnWc6gZhAzEPFad1aVgyOANH1sMw==

typescript@^5.6.3:
  version "5.6.3"
  resolved "https://registry.yarnpkg.com/typescript/-/typescript-5.6.3.tgz#5f3449e31c9d94febb17de03cc081dd56d81db5b"
  integrity sha512-hjcS1mhfuyi4WW8IWtjP7brDrG2cuDZukyrYrSauoXGNgx0S7zceP07adYkJycEr56BOUTNPzbInooiN3fn1qw==

url@^0.11.0:
  version "0.11.0"
  resolved "https://registry.yarnpkg.com/url/-/url-0.11.0.tgz#3838e97cfc60521eb73c525a8e55bfdd9e2e28f1"
  integrity sha512-kbailJa29QrtXnxgq+DdCEGlbTeYM2eJUxsz6vjZavrCYPMIFHMKQmSKYAIuUK2i7hgPm28a8piX5NTUtM/LKQ==
  dependencies:
    punycode "1.3.2"
    querystring "0.2.0"

vite@^5.4.10:
  version "5.4.10"
  resolved "https://registry.yarnpkg.com/vite/-/vite-5.4.10.tgz#d358a7bd8beda6cf0f3b7a450a8c7693a4f80c18"
  integrity sha512-1hvaPshuPUtxeQ0hsVH3Mud0ZanOLwVTneA1EgbAM5LhaZEqyPWGRQ7BtaMvUrTDeEaC8pxtj6a6jku3x4z6SQ==
  dependencies:
    esbuild "^0.21.3"
    postcss "^8.4.43"
    rollup "^4.20.0"
  optionalDependencies:
    fsevents "~2.3.3"
